
Microsoft Visual Studio Solution File, Format Version 12.00
# Visual Studio Version 16
VisualStudioVersion = 16.0.31205.134
MinimumVisualStudioVersion = 10.0.40219.1
Project("{9A19103F-16F7-4668-BE54-9A1E7A4F7556}") = "LemonTree.Test.Console", "LemonTree.Test.Console\LemonTree.Test.Console.csproj", "{C00D60B7-7FDC-4057-A317-4EA537E1F6CF}"
EndProject
Project("{FAE04EC0-301F-11D3-BF4B-00C04F79EFBC}") = "LemonTree.Test.Console.Tests", "LemonTree.Test.Console.Tests\LemonTree.Test.Console.Tests.csproj", "{8479CEBE-B9C7-426D-8116-193D634245C5}"
EndProject
Project("{FAE04EC0-301F-11D3-BF4B-00C04F79EFBC}") = "LemonTree.Test.Business", "LemonTree.Test.Business\LemonTree.Test.Business.csproj", "{979C1792-E613-46CD-96E1-97F4C41E25E2}"
EndProject
Global
	GlobalSection(SolutionConfigurationPlatforms) = preSolution
		Debug|Any CPU = Debug|Any CPU
		Release|Any CPU = Release|Any CPU
	EndGlobalSection
	GlobalSection(ProjectConfigurationPlatforms) = postSolution
		{C00D60B7-7FDC-4057-A317-4EA537E1F6CF}.Debug|Any CPU.ActiveCfg = Debug|Any CPU
		{C00D60B7-7FDC-4057-A317-4EA537E1F6CF}.Debug|Any CPU.Build.0 = Debug|Any CPU
		{C00D60B7-7FDC-4057-A317-4EA537E1F6CF}.Release|Any CPU.ActiveCfg = Release|Any CPU
		{C00D60B7-7FDC-4057-A317-4EA537E1F6CF}.Release|Any CPU.Build.0 = Release|Any CPU
		{8479CEBE-B9C7-426D-8116-193D634245C5}.Debug|Any CPU.ActiveCfg = Debug|Any CPU
		{8479CEBE-B9C7-426D-8116-193D634245C5}.Debug|Any CPU.Build.0 = Debug|Any CPU
		{8479CEBE-B9C7-426D-8116-193D634245C5}.Release|Any CPU.ActiveCfg = Release|Any CPU
		{8479CEBE-B9C7-426D-8116-193D634245C5}.Release|Any CPU.Build.0 = Release|Any CPU
		{979C1792-E613-46CD-96E1-97F4C41E25E2}.Debug|Any CPU.ActiveCfg = Debug|Any CPU
		{979C1792-E613-46CD-96E1-97F4C41E25E2}.Debug|Any CPU.Build.0 = Debug|Any CPU
		{979C1792-E613-46CD-96E1-97F4C41E25E2}.Release|Any CPU.ActiveCfg = Release|Any CPU
		{979C1792-E613-46CD-96E1-97F4C41E25E2}.Release|Any CPU.Build.0 = Release|Any CPU
	EndGlobalSection
	GlobalSection(SolutionProperties) = preSolution
		HideSolutionNode = FALSE
	EndGlobalSection
	GlobalSection(ExtensibilityGlobals) = postSolution
		SolutionGuid = {D0589903-A466-4931-8B84-B5E50B829685}
	EndGlobalSection
EndGlobal
